
Microsoft Visual Studio Solution File, Format Version 9.00
# Visual Studio 2005
Project("{8BC9CEB8-8B4A-11D0-8D11-00A0C91BC942}") = "frap-tool", "frap-tool.vcproj", "{10F751F2-3848-4D08-AEF8-986368C3442C}"
EndProject
Global
	GlobalSection(SolutionConfigurationPlatforms) = preSolution
		Debug|Win32 = Debug|Win32
		Release|Win32 = Release|Win32
	EndGlobalSection
	GlobalSection(ProjectConfigurationPlatforms) = postSolution
		{10F751F2-3848-4D08-AEF8-986368C3442C}.Debug|Win32.ActiveCfg = Debug|Win32
		{10F751F2-3848-4D08-AEF8-986368C3442C}.Debug|Win32.Build.0 = Debug|Win32
		{10F751F2-3848-4D08-AEF8-986368C3442C}.Release|Win32.ActiveCfg = Release|Win32
		{10F751F2-3848-4D08-AEF8-986368C3442C}.Release|Win32.Build.0 = Release|Win32
	EndGlobalSection
	GlobalSection(SolutionProperties) = preSolution
		HideSolutionNode = FALSE
	EndGlobalSection
EndGlobal
